
Microsoft Visual Studio Solution File, Format Version 12.00
# Visual Studio Version 17
VisualStudioVersion = 17.14.36414.22 d17.14
MinimumVisualStudioVersion = 10.0.40219.1
Project("{FAE04EC0-301F-11D3-BF4B-00C04F79EFBC}") = "TiendaServicios.Api.Autor", "TiendaServicios.Api.Autor\TiendaServicios.Api.Autor.csproj", "{DABD364B-B548-43C9-B6AB-161E4A110D3A}"
EndProject
Global
	GlobalSection(SolutionConfigurationPlatforms) = preSolution
		Debug|Any CPU = Debug|Any CPU
		Release|Any CPU = Release|Any CPU
	EndGlobalSection
	GlobalSection(ProjectConfigurationPlatforms) = postSolution
		{DABD364B-B548-43C9-B6AB-161E4A110D3A}.Debug|Any CPU.ActiveCfg = Debug|Any CPU
		{DABD364B-B548-43C9-B6AB-161E4A110D3A}.Debug|Any CPU.Build.0 = Debug|Any CPU
		{DABD364B-B548-43C9-B6AB-161E4A110D3A}.Release|Any CPU.ActiveCfg = Release|Any CPU
		{DABD364B-B548-43C9-B6AB-161E4A110D3A}.Release|Any CPU.Build.0 = Release|Any CPU
	EndGlobalSection
	GlobalSection(SolutionProperties) = preSolution
		HideSolutionNode = FALSE
	EndGlobalSection
	GlobalSection(ExtensibilityGlobals) = postSolution
		SolutionGuid = {49A659C3-21E1-4569-BFC4-C6ACC76CB8BB}
	EndGlobalSection
EndGlobal
